Microsoft Visual Studio Solution File, Format Version 12.00
# Visual Studio Version 17
VisualStudioVersion = 17.5.2.0
MinimumVisualStudioVersion = 10.0.40219.1
Project("{FAE04EC0-301F-11D3-BF4B-00C04F79EFBC}") = "ReverseProxyPerUser", "ReverseProxyPerUser\ReverseProxyPerUser.csproj", "{E6C34EEE-6981-3A1B-0738-208DD917E64F}"
EndProject
Project("{2150E333-8FDC-42A3-9474-1A3956D46DE8}") = "HELM", "HELM", "{02EA681E-C7D8-13C7-8484-4AC65E1B71E8}"
	ProjectSection(SolutionItems) = preProject
		Chart.yaml = Chart.yaml
		run.txt = run.txt
		values.yaml = values.yaml
	EndProjectSection
EndProject
Project("{2150E333-8FDC-42A3-9474-1A3956D46DE8}") = "templates", "templates", "{8FC43157-4193-473B-A001-5825DA52974C}"
	ProjectSection(SolutionItems) = preProject
		deployment.yaml = deployment.yaml
		ingress.yaml = ingress.yaml
		services.yaml = services.yaml
		shutdown-cronjob.yaml = shutdown-cronjob.yaml
	EndProjectSection
EndProject
Global
	GlobalSection(SolutionConfigurationPlatforms) = preSolution
		Debug|Any CPU = Debug|Any CPU
		Release|Any CPU = Release|Any CPU
	EndGlobalSection
	GlobalSection(ProjectConfigurationPlatforms) = postSolution
		{E6C34EEE-6981-3A1B-0738-208DD917E64F}.Debug|Any CPU.ActiveCfg = Debug|Any CPU
		{E6C34EEE-6981-3A1B-0738-208DD917E64F}.Debug|Any CPU.Build.0 = Debug|Any CPU
		{E6C34EEE-6981-3A1B-0738-208DD917E64F}.Release|Any CPU.ActiveCfg = Release|Any CPU
		{E6C34EEE-6981-3A1B-0738-208DD917E64F}.Release|Any CPU.Build.0 = Release|Any CPU
	EndGlobalSection
	GlobalSection(SolutionProperties) = preSolution
		HideSolutionNode = FALSE
	EndGlobalSection
	GlobalSection(NestedProjects) = preSolution
		{8FC43157-4193-473B-A001-5825DA52974C} = {02EA681E-C7D8-13C7-8484-4AC65E1B71E8}
	EndGlobalSection
	GlobalSection(ExtensibilityGlobals) = postSolution
		SolutionGuid = {02A64A64-8E3B-46D5-9434-05F35C351D65}
	EndGlobalSection
EndGlobal
